
Microsoft Visual Studio Solution File, Format Version 12.00
# Visual Studio Version 16
VisualStudioVersion = 16.0.32428.217
MinimumVisualStudioVersion = 10.0.40219.1
Project("{FAE04EC0-301F-11D3-BF4B-00C04F79EFBC}") = "ExcelDataTesting", "ExcelDataTesting\ExcelDataTesting.csproj", "{11D76A8D-DDD5-47ED-814B-024A65CD9E2E}"
EndProject
Global
	GlobalSection(SolutionConfigurationPlatforms) = preSolution
		Debug|Any CPU = Debug|Any CPU
		Release|Any CPU = Release|Any CPU
	EndGlobalSection
	GlobalSection(ProjectConfigurationPlatforms) = postSolution
		{11D76A8D-DDD5-47ED-814B-024A65CD9E2E}.Debug|Any CPU.ActiveCfg = Debug|Any CPU
		{11D76A8D-DDD5-47ED-814B-024A65CD9E2E}.Debug|Any CPU.Build.0 = Debug|Any CPU
		{11D76A8D-DDD5-47ED-814B-024A65CD9E2E}.Release|Any CPU.ActiveCfg = Release|Any CPU
		{11D76A8D-DDD5-47ED-814B-024A65CD9E2E}.Release|Any CPU.Build.0 = Release|Any CPU
	EndGlobalSection
	GlobalSection(SolutionProperties) = preSolution
		HideSolutionNode = FALSE
	EndGlobalSection
	GlobalSection(ExtensibilityGlobals) = postSolution
		SolutionGuid = {00DE0207-4FFF-486E-8925-B529E62567E0}
	EndGlobalSection
EndGlobal
